
Microsoft Visual Studio Solution File, Format Version 12.00
# Visual Studio Version 17
VisualStudioVersion = 17.0.32112.339
MinimumVisualStudioVersion = 10.0.40219.1
Project("{FAE04EC0-301F-11D3-BF4B-00C04F79EFBC}") = "LoginAppMVC", "LoginAppMVC\LoginAppMVC.csproj", "{76A04EEE-ACD4-42B0-99C4-974EA0623BD8}"
EndProject
Global
	GlobalSection(SolutionConfigurationPlatforms) = preSolution
		Debug|Any CPU = Debug|Any CPU
		Release|Any CPU = Release|Any CPU
	EndGlobalSection
	GlobalSection(ProjectConfigurationPlatforms) = postSolution
		{76A04EEE-ACD4-42B0-99C4-974EA0623BD8}.Debug|Any CPU.ActiveCfg = Debug|Any CPU
		{76A04EEE-ACD4-42B0-99C4-974EA0623BD8}.Debug|Any CPU.Build.0 = Debug|Any CPU
		{76A04EEE-ACD4-42B0-99C4-974EA0623BD8}.Release|Any CPU.ActiveCfg = Release|Any CPU
		{76A04EEE-ACD4-42B0-99C4-974EA0623BD8}.Release|Any CPU.Build.0 = Release|Any CPU
	EndGlobalSection
	GlobalSection(SolutionProperties) = preSolution
		HideSolutionNode = FALSE
	EndGlobalSection
	GlobalSection(ExtensibilityGlobals) = postSolution
		SolutionGuid = {E479B35C-6AE6-4429-9907-97E21CB834FF}
	EndGlobalSection
EndGlobal
